
Microsoft Visual Studio Solution File, Format Version 12.00
# Visual Studio Version 17
VisualStudioVersion = 17.9.34714.143
MinimumVisualStudioVersion = 10.0.40219.1
Project("{9A19103F-16F7-4668-BE54-9A1E7A4F7556}") = "LoginRegisterServer.Domain", "LoginRegisterServer.Domain\LoginRegisterServer.Domain.csproj", "{3BFC0C7D-1C94-4554-B736-9BC703DE73B2}"
EndProject
Project("{FAE04EC0-301F-11D3-BF4B-00C04F79EFBC}") = "LoginRegisterServer.Infrastructure", "LoginRegisterServer.Infrastructure\LoginRegisterServer.Infrastructure.csproj", "{F39D2142-50AA-4138-A9CB-C0743BC91961}"
EndProject
Project("{FAE04EC0-301F-11D3-BF4B-00C04F79EFBC}") = "LoginRegisterServer.Application", "LoginRegisterServer.Application\LoginRegisterServer.Application.csproj", "{49A6C912-4CF3-49FF-BBCD-93F91B1C3CD8}"
EndProject
Project("{FAE04EC0-301F-11D3-BF4B-00C04F79EFBC}") = "LoginRegisterServer.WebAPI", "LoginRegisterServer.WebAPI\LoginRegisterServer.WebAPI.csproj", "{5B3DC4AB-C49B-4127-88A6-D5E3008A3499}"
EndProject
Project("{2150E333-8FDC-42A3-9474-1A3956D46DE8}") = "src", "src", "{0F38D562-BD79-45C3-805F-B6900CC7F272}"
EndProject
Global
	GlobalSection(SolutionConfigurationPlatforms) = preSolution
		Debug|Any CPU = Debug|Any CPU
		Release|Any CPU = Release|Any CPU
	EndGlobalSection
	GlobalSection(ProjectConfigurationPlatforms) = postSolution
		{3BFC0C7D-1C94-4554-B736-9BC703DE73B2}.Debug|Any CPU.ActiveCfg = Debug|Any CPU
		{3BFC0C7D-1C94-4554-B736-9BC703DE73B2}.Debug|Any CPU.Build.0 = Debug|Any CPU
		{3BFC0C7D-1C94-4554-B736-9BC703DE73B2}.Release|Any CPU.ActiveCfg = Release|Any CPU
		{3BFC0C7D-1C94-4554-B736-9BC703DE73B2}.Release|Any CPU.Build.0 = Release|Any CPU
		{F39D2142-50AA-4138-A9CB-C0743BC91961}.Debug|Any CPU.ActiveCfg = Debug|Any CPU
		{F39D2142-50AA-4138-A9CB-C0743BC91961}.Debug|Any CPU.Build.0 = Debug|Any CPU
		{F39D2142-50AA-4138-A9CB-C0743BC91961}.Release|Any CPU.ActiveCfg = Release|Any CPU
		{F39D2142-50AA-4138-A9CB-C0743BC91961}.Release|Any CPU.Build.0 = Release|Any CPU
		{49A6C912-4CF3-49FF-BBCD-93F91B1C3CD8}.Debug|Any CPU.ActiveCfg = Debug|Any CPU
		{49A6C912-4CF3-49FF-BBCD-93F91B1C3CD8}.Debug|Any CPU.Build.0 = Debug|Any CPU
		{49A6C912-4CF3-49FF-BBCD-93F91B1C3CD8}.Release|Any CPU.ActiveCfg = Release|Any CPU
		{49A6C912-4CF3-49FF-BBCD-93F91B1C3CD8}.Release|Any CPU.Build.0 = Release|Any CPU
		{5B3DC4AB-C49B-4127-88A6-D5E3008A3499}.Debug|Any CPU.ActiveCfg = Debug|Any CPU
		{5B3DC4AB-C49B-4127-88A6-D5E3008A3499}.Debug|Any CPU.Build.0 = Debug|Any CPU
		{5B3DC4AB-C49B-4127-88A6-D5E3008A3499}.Release|Any CPU.ActiveCfg = Release|Any CPU
		{5B3DC4AB-C49B-4127-88A6-D5E3008A3499}.Release|Any CPU.Build.0 = Release|Any CPU
	EndGlobalSection
	GlobalSection(SolutionProperties) = preSolution
		HideSolutionNode = FALSE
	EndGlobalSection
	GlobalSection(NestedProjects) = preSolution
		{3BFC0C7D-1C94-4554-B736-9BC703DE73B2} = {0F38D562-BD79-45C3-805F-B6900CC7F272}
		{F39D2142-50AA-4138-A9CB-C0743BC91961} = {0F38D562-BD79-45C3-805F-B6900CC7F272}
		{49A6C912-4CF3-49FF-BBCD-93F91B1C3CD8} = {0F38D562-BD79-45C3-805F-B6900CC7F272}
		{5B3DC4AB-C49B-4127-88A6-D5E3008A3499} = {0F38D562-BD79-45C3-805F-B6900CC7F272}
	EndGlobalSection
	GlobalSection(ExtensibilityGlobals) = postSolution
		SolutionGuid = {F11D734C-1933-4A0E-ACCB-6A06ACB63F26}
	EndGlobalSection
EndGlobal
